// !$*UTF8*$!
{
	archiveVersion = 1;
	classes = {
	};
	objectVersion = 52;
	objects = {

/* Begin PBXAggregateTarget section */
		"CVGenerator::CVGeneratorPackageTests::ProductTarget" /* CVGeneratorPackageTests */ = {
			isa = PBXAggregateTarget;
			buildConfigurationList = OBJ_123 /* Build configuration list for PBXAggregateTarget "CVGeneratorPackageTests" */;
			buildPhases = (
			);
			dependencies = (
				OBJ_126 /* PBXTargetDependency */,
			);
			name = CVGeneratorPackageTests;
			productName = CVGeneratorPackageTests;
		};
/* End PBXAggregateTarget section */

/* Begin PBXBuildFile section */
		1E2FE0A3244E4A6B001A0265 /* CVDataNormalizer.swift in Sources */ = {isa = PBXBuildFile; fileRef = 1E2FE0A2244E4A6B001A0265 /* CVDataNormalizer.swift */; };
		1E2FE0A4244E4A6B001A0265 /* CVDataNormalizer.swift in Sources */ = {isa = PBXBuildFile; fileRef = 1E2FE0A2244E4A6B001A0265 /* CVDataNormalizer.swift */; };
		1E8352692561E7D100F9F45D /* CoreXLSX in Frameworks */ = {isa = PBXBuildFile; productRef = 1E8352682561E7D100F9F45D /* CoreXLSX */; };
		1E83528C2561EF2400F9F45D /* XMLCoder.framework in Frameworks */ = {isa = PBXBuildFile; fileRef = "XMLCoder::XMLCoder::Product" /* XMLCoder.framework */; };
		1E83528D2561EF2400F9F45D /* ZIPFoundation.framework in Frameworks */ = {isa = PBXBuildFile; fileRef = "ZIPFoundation::ZIPFoundation::Product" /* ZIPFoundation.framework */; };
		1E8526A023ECC6E500F8BA39 /* CVBasicLogger.swift in Sources */ = {isa = PBXBuildFile; fileRef = 1E85269F23ECC6E500F8BA39 /* CVBasicLogger.swift */; };
		1E8526A623ECD8F300F8BA39 /* String+CVMain.swift in Sources */ = {isa = PBXBuildFile; fileRef = 1E8526A523ECD8F300F8BA39 /* String+CVMain.swift */; };
		1E8526A823ECD95000F8BA39 /* main.swift in Sources */ = {isa = PBXBuildFile; fileRef = 1E8526A723ECD95000F8BA39 /* main.swift */; };
		1E8526AA23EEB80200F8BA39 /* CVTemplateVarConfig.swift in Sources */ = {isa = PBXBuildFile; fileRef = 1E8526A923EEB80200F8BA39 /* CVTemplateVarConfig.swift */; };
		1E8526AC23EF6BB300F8BA39 /* CVTemplateParser.swift in Sources */ = {isa = PBXBuildFile; fileRef = 1E8526AB23EF6BB300F8BA39 /* CVTemplateParser.swift */; };
		1E8526AE23EF6D2700F8BA39 /* CVSource+Section.swift in Sources */ = {isa = PBXBuildFile; fileRef = 1E8526AD23EF6D2700F8BA39 /* CVSource+Section.swift */; };
		1E8526B023EF70A600F8BA39 /* CVErrors.swift in Sources */ = {isa = PBXBuildFile; fileRef = 1E8526AF23EF70A600F8BA39 /* CVErrors.swift */; };
		1E8526B423F029F100F8BA39 /* TemplateParserTests.swift in Sources */ = {isa = PBXBuildFile; fileRef = 1E8526B123F0283E00F8BA39 /* TemplateParserTests.swift */; };
		1E8526B523F02AE400F8BA39 /* String+CVMain.swift in Sources */ = {isa = PBXBuildFile; fileRef = 1E8526A523ECD8F300F8BA39 /* String+CVMain.swift */; };
		1E8526B623F02AE900F8BA39 /* CVCli.swift in Sources */ = {isa = PBXBuildFile; fileRef = OBJ_9 /* CVCli.swift */; };
		1E8526B723F02AE900F8BA39 /* CVBasicLogger.swift in Sources */ = {isa = PBXBuildFile; fileRef = 1E85269F23ECC6E500F8BA39 /* CVBasicLogger.swift */; };
		1E8526B823F02AE900F8BA39 /* CVTemplateVarConfig.swift in Sources */ = {isa = PBXBuildFile; fileRef = 1E8526A923EEB80200F8BA39 /* CVTemplateVarConfig.swift */; };
		1E8526B923F02AE900F8BA39 /* CVTemplateParser.swift in Sources */ = {isa = PBXBuildFile; fileRef = 1E8526AB23EF6BB300F8BA39 /* CVTemplateParser.swift */; };
		1E8526BA23F02AE900F8BA39 /* CVSource+Section.swift in Sources */ = {isa = PBXBuildFile; fileRef = 1E8526AD23EF6D2700F8BA39 /* CVSource+Section.swift */; };
		1E8526BB23F02AE900F8BA39 /* CVErrors.swift in Sources */ = {isa = PBXBuildFile; fileRef = 1E8526AF23EF70A600F8BA39 /* CVErrors.swift */; };
		1E8526C523F04D4700F8BA39 /* CVSource.swift in Sources */ = {isa = PBXBuildFile; fileRef = 1E8526C423F04D4700F8BA39 /* CVSource.swift */; };
		1E8526C623F04D4700F8BA39 /* CVSource.swift in Sources */ = {isa = PBXBuildFile; fileRef = 1E8526C423F04D4700F8BA39 /* CVSource.swift */; };
		1E8526CA23F4AE9200F8BA39 /* CVSourceSectionItemTests.swift in Sources */ = {isa = PBXBuildFile; fileRef = 1E8526C823F4AE9200F8BA39 /* CVSourceSectionItemTests.swift */; };
		1E8526D323F5F1B300F8BA39 /* CVVariablesAndStrengthsParser.swift in Sources */ = {isa = PBXBuildFile; fileRef = 1E8526D223F5F1B300F8BA39 /* CVVariablesAndStrengthsParser.swift */; };
		1E8526D423F5F1B300F8BA39 /* CVVariablesAndStrengthsParser.swift in Sources */ = {isa = PBXBuildFile; fileRef = 1E8526D223F5F1B300F8BA39 /* CVVariablesAndStrengthsParser.swift */; };
		1E95A4D724151608004E3E03 /* TechnologiesUtils.swift in Sources */ = {isa = PBXBuildFile; fileRef = 1E95A4D624151608004E3E03 /* TechnologiesUtils.swift */; };
		1E95A4D824151609004E3E03 /* TechnologiesUtils.swift in Sources */ = {isa = PBXBuildFile; fileRef = 1E95A4D624151608004E3E03 /* TechnologiesUtils.swift */; };
		1E95A4DB24184A43004E3E03 /* TechnologiesUtilsTests.swift in Sources */ = {isa = PBXBuildFile; fileRef = 1E95A4DA24184A43004E3E03 /* TechnologiesUtilsTests.swift */; };
		1E95A4DD241EDF75004E3E03 /* CVLatexPdf.swift in Sources */ = {isa = PBXBuildFile; fileRef = 1E95A4DC241EDF75004E3E03 /* CVLatexPdf.swift */; };
		1E95A4DE241EDF75004E3E03 /* CVLatexPdf.swift in Sources */ = {isa = PBXBuildFile; fileRef = 1E95A4DC241EDF75004E3E03 /* CVLatexPdf.swift */; };
		1EA1814623F72D8900323C1B /* CVSourceTests.swift in Sources */ = {isa = PBXBuildFile; fileRef = 1EA1814423F72D8200323C1B /* CVSourceTests.swift */; };
		1EA1814923F83F3900323C1B /* CVExcelWorksheet.swift in Sources */ = {isa = PBXBuildFile; fileRef = 1EA1814823F83F3900323C1B /* CVExcelWorksheet.swift */; };
		1EA1814A23F83F3900323C1B /* CVExcelWorksheet.swift in Sources */ = {isa = PBXBuildFile; fileRef = 1EA1814823F83F3900323C1B /* CVExcelWorksheet.swift */; };
		1EA1814C23F846E500323C1B /* Collection+CVSource.swift in Sources */ = {isa = PBXBuildFile; fileRef = 1EA1814B23F846E500323C1B /* Collection+CVSource.swift */; };
		1EA1814D23F846E500323C1B /* Collection+CVSource.swift in Sources */ = {isa = PBXBuildFile; fileRef = 1EA1814B23F846E500323C1B /* Collection+CVSource.swift */; };
		1EA1814F23F9922D00323C1B /* CVCerticateParser.swift in Sources */ = {isa = PBXBuildFile; fileRef = 1EA1814E23F9922C00323C1B /* CVCerticateParser.swift */; };
		1EA1815023F9922D00323C1B /* CVCerticateParser.swift in Sources */ = {isa = PBXBuildFile; fileRef = 1EA1814E23F9922C00323C1B /* CVCerticateParser.swift */; };
		1EBADCC7240C61D2004AA68B /* TechnologiesOrderer.swift in Sources */ = {isa = PBXBuildFile; fileRef = 1EBADCC6240C61D2004AA68B /* TechnologiesOrderer.swift */; };
		1EBADCC8240C61D2004AA68B /* TechnologiesOrderer.swift in Sources */ = {isa = PBXBuildFile; fileRef = 1EBADCC6240C61D2004AA68B /* TechnologiesOrderer.swift */; };
		1EBADCCB240C717B004AA68B /* ExperiencesPeriodsTests.swift in Sources */ = {isa = PBXBuildFile; fileRef = 1EBADCC9240C717B004AA68B /* ExperiencesPeriodsTests.swift */; };
		1EE86F4D23F9C64800AFA8E3 /* CVLanguageParser.swift in Sources */ = {isa = PBXBuildFile; fileRef = 1EE86F4C23F9C64800AFA8E3 /* CVLanguageParser.swift */; };
		1EE86F4E23F9C64800AFA8E3 /* CVLanguageParser.swift in Sources */ = {isa = PBXBuildFile; fileRef = 1EE86F4C23F9C64800AFA8E3 /* CVLanguageParser.swift */; };
		1EE86F5023FDD78200AFA8E3 /* CVExperienceAndTechnologiesParser.swift in Sources */ = {isa = PBXBuildFile; fileRef = 1EE86F4F23FDD78100AFA8E3 /* CVExperienceAndTechnologiesParser.swift */; };
		1EE86F5123FDD78200AFA8E3 /* CVExperienceAndTechnologiesParser.swift in Sources */ = {isa = PBXBuildFile; fileRef = 1EE86F4F23FDD78100AFA8E3 /* CVExperienceAndTechnologiesParser.swift */; };
		OBJ_105 /* CVCli.swift in Sources */ = {isa = PBXBuildFile; fileRef = OBJ_9 /* CVCli.swift */; };
		OBJ_132 /* CVGeneratorTests.swift in Sources */ = {isa = PBXBuildFile; fileRef = OBJ_12 /* CVGeneratorTests.swift */; };
		OBJ_133 /* XCTestManifests.swift in Sources */ = {isa = PBXBuildFile; fileRef = OBJ_13 /* XCTestManifests.swift */; };
		OBJ_135 /* CoreXLSX.framework in Frameworks */ = {isa = PBXBuildFile; fileRef = "CoreXLSX::CoreXLSX::Product" /* CoreXLSX.framework */; };
		OBJ_136 /* ZIPFoundation.framework in Frameworks */ = {isa = PBXBuildFile; fileRef = "ZIPFoundation::ZIPFoundation::Product" /* ZIPFoundation.framework */; };
		OBJ_137 /* XMLCoder.framework in Frameworks */ = {isa = PBXBuildFile; fileRef = "XMLCoder::XMLCoder::Product" /* XMLCoder.framework */; };
/* End PBXBuildFile section */

/* Begin PBXContainerItemProxy section */
		1E85269A23ECC64A00F8BA39 /* PBXContainerItemProxy */ = {
			isa = PBXContainerItemProxy;
			containerPortal = OBJ_1 /* Project object */;
			proxyType = 1;
			remoteGlobalIDString = "CVGenerator::CVGenerator";
			remoteInfo = CVGenerator;
		};
		1E85269B23ECC64A00F8BA39 /* PBXContainerItemProxy */ = {
			isa = PBXContainerItemProxy;
			containerPortal = OBJ_1 /* Project object */;
			proxyType = 1;
			remoteGlobalIDString = "CoreXLSX::CoreXLSX";
			remoteInfo = CoreXLSX;
		};
		1E85269C23ECC64A00F8BA39 /* PBXContainerItemProxy */ = {
			isa = PBXContainerItemProxy;
			containerPortal = OBJ_1 /* Project object */;
			proxyType = 1;
			remoteGlobalIDString = "ZIPFoundation::ZIPFoundation";
			remoteInfo = ZIPFoundation;
		};
		1E85269D23ECC64A00F8BA39 /* PBXContainerItemProxy */ = {
			isa = PBXContainerItemProxy;
			containerPortal = OBJ_1 /* Project object */;
			proxyType = 1;
			remoteGlobalIDString = "XMLCoder::XMLCoder";
			remoteInfo = XMLCoder;
		};
		1E85269E23ECC64B00F8BA39 /* PBXContainerItemProxy */ = {
			isa = PBXContainerItemProxy;
			containerPortal = OBJ_1 /* Project object */;
			proxyType = 1;
			remoteGlobalIDString = "CVGenerator::CVGeneratorTests";
			remoteInfo = CVGeneratorTests;
		};
/* End PBXContainerItemProxy section */

/* Begin PBXFileReference section */
		1E2FE0A2244E4A6B001A0265 /* CVDataNormalizer.swift */ = {isa = PBXFileReference; lastKnownFileType = sourcecode.swift; path = CVDataNormalizer.swift; sourceTree = "<group>"; };
		1E85269F23ECC6E500F8BA39 /* CVBasicLogger.swift */ = {isa = PBXFileReference; lastKnownFileType = sourcecode.swift; path = CVBasicLogger.swift; sourceTree = "<group>"; };
		1E8526A523ECD8F300F8BA39 /* String+CVMain.swift */ = {isa = PBXFileReference; lastKnownFileType = sourcecode.swift; path = "String+CVMain.swift"; sourceTree = "<group>"; };
		1E8526A723ECD95000F8BA39 /* main.swift */ = {isa = PBXFileReference; lastKnownFileType = sourcecode.swift; path = main.swift; sourceTree = "<group>"; };
		1E8526A923EEB80200F8BA39 /* CVTemplateVarConfig.swift */ = {isa = PBXFileReference; lastKnownFileType = sourcecode.swift; path = CVTemplateVarConfig.swift; sourceTree = "<group>"; };
		1E8526AB23EF6BB300F8BA39 /* CVTemplateParser.swift */ = {isa = PBXFileReference; lastKnownFileType = sourcecode.swift; path = CVTemplateParser.swift; sourceTree = "<group>"; };
		1E8526AD23EF6D2700F8BA39 /* CVSource+Section.swift */ = {isa = PBXFileReference; lastKnownFileType = sourcecode.swift; path = "CVSource+Section.swift"; sourceTree = "<group>"; };
		1E8526AF23EF70A600F8BA39 /* CVErrors.swift */ = {isa = PBXFileReference; lastKnownFileType = sourcecode.swift; path = CVErrors.swift; sourceTree = "<group>"; };
		1E8526B123F0283E00F8BA39 /* TemplateParserTests.swift */ = {isa = PBXFileReference; lastKnownFileType = sourcecode.swift; path = TemplateParserTests.swift; sourceTree = "<group>"; };
		1E8526BF23F02DF400F8BA39 /* template.tex */ = {isa = PBXFileReference; fileEncoding = 4; lastKnownFileType = text; path = template.tex; sourceTree = "<group>"; };
		1E8526C423F04D4700F8BA39 /* CVSource.swift */ = {isa = PBXFileReference; lastKnownFileType = sourcecode.swift; path = CVSource.swift; sourceTree = "<group>"; };
		1E8526C723F04F0300F8BA39 /* README.md */ = {isa = PBXFileReference; lastKnownFileType = net.daringfireball.markdown; path = README.md; sourceTree = "<group>"; };
		1E8526C823F4AE9200F8BA39 /* CVSourceSectionItemTests.swift */ = {isa = PBXFileReference; lastKnownFileType = sourcecode.swift; path = CVSourceSectionItemTests.swift; sourceTree = "<group>"; };
		1E8526D223F5F1B300F8BA39 /* CVVariablesAndStrengthsParser.swift */ = {isa = PBXFileReference; lastKnownFileType = sourcecode.swift; path = CVVariablesAndStrengthsParser.swift; sourceTree = "<group>"; };
		1E95A4D624151608004E3E03 /* TechnologiesUtils.swift */ = {isa = PBXFileReference; lastKnownFileType = sourcecode.swift; path = TechnologiesUtils.swift; sourceTree = "<group>"; };
		1E95A4DA24184A43004E3E03 /* TechnologiesUtilsTests.swift */ = {isa = PBXFileReference; lastKnownFileType = sourcecode.swift; path = TechnologiesUtilsTests.swift; sourceTree = "<group>"; };
		1E95A4DC241EDF75004E3E03 /* CVLatexPdf.swift */ = {isa = PBXFileReference; lastKnownFileType = sourcecode.swift; path = CVLatexPdf.swift; sourceTree = "<group>"; };
		1EA1814423F72D8200323C1B /* CVSourceTests.swift */ = {isa = PBXFileReference; lastKnownFileType = sourcecode.swift; path = CVSourceTests.swift; sourceTree = "<group>"; };
		1EA1814723F7520800323C1B /* datasource1.xlsx */ = {isa = PBXFileReference; lastKnownFileType = file; path = datasource1.xlsx; sourceTree = "<group>"; };
		1EA1814823F83F3900323C1B /* CVExcelWorksheet.swift */ = {isa = PBXFileReference; lastKnownFileType = sourcecode.swift; path = CVExcelWorksheet.swift; sourceTree = "<group>"; };
		1EA1814B23F846E500323C1B /* Collection+CVSource.swift */ = {isa = PBXFileReference; lastKnownFileType = sourcecode.swift; path = "Collection+CVSource.swift"; sourceTree = "<group>"; };
		1EA1814E23F9922C00323C1B /* CVCerticateParser.swift */ = {isa = PBXFileReference; fileEncoding = 4; lastKnownFileType = sourcecode.swift; path = CVCerticateParser.swift; sourceTree = "<group>"; };
		1EBADCC6240C61D2004AA68B /* TechnologiesOrderer.swift */ = {isa = PBXFileReference; lastKnownFileType = sourcecode.swift; path = TechnologiesOrderer.swift; sourceTree = "<group>"; };
		1EBADCC9240C717B004AA68B /* ExperiencesPeriodsTests.swift */ = {isa = PBXFileReference; lastKnownFileType = sourcecode.swift; path = ExperiencesPeriodsTests.swift; sourceTree = "<group>"; };
		1EE86F4C23F9C64800AFA8E3 /* CVLanguageParser.swift */ = {isa = PBXFileReference; fileEncoding = 4; lastKnownFileType = sourcecode.swift; path = CVLanguageParser.swift; sourceTree = "<group>"; };
		1EE86F4F23FDD78100AFA8E3 /* CVExperienceAndTechnologiesParser.swift */ = {isa = PBXFileReference; fileEncoding = 4; lastKnownFileType = sourcecode.swift; path = CVExperienceAndTechnologiesParser.swift; sourceTree = "<group>"; };
		"CVGenerator::CVGenerator::Product" /* CVGenerator */ = {isa = PBXFileReference; lastKnownFileType = text; path = CVGenerator; sourceTree = BUILT_PRODUCTS_DIR; };
		"CVGenerator::CVGeneratorTests::Product" /* CVGeneratorTests.xctest */ = {isa = PBXFileReference; explicitFileType = wrapper.cfbundle; path = CVGeneratorTests.xctest; sourceTree = BUILT_PRODUCTS_DIR; };
		"CoreXLSX::CoreXLSX::Product" /* CoreXLSX.framework */ = {isa = PBXFileReference; lastKnownFileType = wrapper.framework; path = CoreXLSX.framework; sourceTree = BUILT_PRODUCTS_DIR; };
		OBJ_12 /* CVGeneratorTests.swift */ = {isa = PBXFileReference; lastKnownFileType = sourcecode.swift; path = CVGeneratorTests.swift; sourceTree = "<group>"; };
		OBJ_13 /* XCTestManifests.swift */ = {isa = PBXFileReference; lastKnownFileType = sourcecode.swift; path = XCTestManifests.swift; sourceTree = "<group>"; };
		OBJ_9 /* CVCli.swift */ = {isa = PBXFileReference; lastKnownFileType = sourcecode.swift; path = CVCli.swift; sourceTree = "<group>"; };
		"XMLCoder::XMLCoder::Product" /* XMLCoder.framework */ = {isa = PBXFileReference; lastKnownFileType = wrapper.framework; path = XMLCoder.framework; sourceTree = BUILT_PRODUCTS_DIR; };
		"ZIPFoundation::ZIPFoundation::Product" /* ZIPFoundation.framework */ = {isa = PBXFileReference; lastKnownFileType = wrapper.framework; path = ZIPFoundation.framework; sourceTree = BUILT_PRODUCTS_DIR; };
/* End PBXFileReference section */

/* Begin PBXFrameworksBuildPhase section */
		OBJ_106 /* Frameworks */ = {
			isa = PBXFrameworksBuildPhase;
			buildActionMask = 0;
			files = (
				1E8352692561E7D100F9F45D /* CoreXLSX in Frameworks */,
			);
			runOnlyForDeploymentPostprocessing = 0;
		};
		OBJ_134 /* Frameworks */ = {
			isa = PBXFrameworksBuildPhase;
			buildActionMask = 0;
			files = (
				OBJ_135 /* CoreXLSX.framework in Frameworks */,
				OBJ_136 /* ZIPFoundation.framework in Frameworks */,
				OBJ_137 /* XMLCoder.framework in Frameworks */,
			);
			runOnlyForDeploymentPostprocessing = 0;
		};
		OBJ_158 /* Frameworks */ = {
			isa = PBXFrameworksBuildPhase;
			buildActionMask = 0;
			files = (
				1E83528C2561EF2400F9F45D /* XMLCoder.framework in Frameworks */,
				1E83528D2561EF2400F9F45D /* ZIPFoundation.framework in Frameworks */,
			);
			runOnlyForDeploymentPostprocessing = 0;
		};
		OBJ_219 /* Frameworks */ = {
			isa = PBXFrameworksBuildPhase;
			buildActionMask = 0;
			files = (
			);
			runOnlyForDeploymentPostprocessing = 0;
		};
		OBJ_237 /* Frameworks */ = {
			isa = PBXFrameworksBuildPhase;
			buildActionMask = 0;
			files = (
			);
			runOnlyForDeploymentPostprocessing = 0;
		};
/* End PBXFrameworksBuildPhase section */

/* Begin PBXGroup section */
		1E8352722561EE1100F9F45D /* Frameworks */ = {
			isa = PBXGroup;
			children = (
			);
			name = Frameworks;
			sourceTree = "<group>";
		};
		1E8526D123F5F19800F8BA39 /* parsers */ = {
			isa = PBXGroup;
			children = (
				1EE86F4F23FDD78100AFA8E3 /* CVExperienceAndTechnologiesParser.swift */,
				1EE86F4C23F9C64800AFA8E3 /* CVLanguageParser.swift */,
				1EA1814E23F9922C00323C1B /* CVCerticateParser.swift */,
				1E8526D223F5F1B300F8BA39 /* CVVariablesAndStrengthsParser.swift */,
			);
			path = parsers;
			sourceTree = "<group>";
		};
		OBJ_10 /* Tests */ = {
			isa = PBXGroup;
			children = (
				OBJ_11 /* CVGeneratorTests */,
			);
			name = Tests;
			sourceTree = SOURCE_ROOT;
		};
		OBJ_11 /* CVGeneratorTests */ = {
			isa = PBXGroup;
			children = (
				1EA1814723F7520800323C1B /* datasource1.xlsx */,
				1E8526BF23F02DF400F8BA39 /* template.tex */,
				OBJ_12 /* CVGeneratorTests.swift */,
				OBJ_13 /* XCTestManifests.swift */,
				1E8526B123F0283E00F8BA39 /* TemplateParserTests.swift */,
				1E8526C823F4AE9200F8BA39 /* CVSourceSectionItemTests.swift */,
				1EA1814423F72D8200323C1B /* CVSourceTests.swift */,
				1EBADCC9240C717B004AA68B /* ExperiencesPeriodsTests.swift */,
				1E95A4DA24184A43004E3E03 /* TechnologiesUtilsTests.swift */,
			);
			name = CVGeneratorTests;
			path = Tests/CVGeneratorTests;
			sourceTree = SOURCE_ROOT;
		};
		OBJ_14 /* Dependencies */ = {
			isa = PBXGroup;
			children = (
			);
			name = Dependencies;
			sourceTree = "<group>";
		};
		OBJ_5 = {
			isa = PBXGroup;
			children = (
				1E8526C723F04F0300F8BA39 /* README.md */,
				OBJ_7 /* Sources */,
				OBJ_10 /* Tests */,
				OBJ_14 /* Dependencies */,
				OBJ_94 /* Products */,
				1E8352722561EE1100F9F45D /* Frameworks */,
			);
			sourceTree = "<group>";
		};
		OBJ_7 /* Sources */ = {
			isa = PBXGroup;
			children = (
				OBJ_8 /* CVGenerator */,
			);
			name = Sources;
			sourceTree = SOURCE_ROOT;
		};
		OBJ_8 /* CVGenerator */ = {
			isa = PBXGroup;
			children = (
				1E8526A723ECD95000F8BA39 /* main.swift */,
				1E8526A523ECD8F300F8BA39 /* String+CVMain.swift */,
				OBJ_9 /* CVCli.swift */,
				1E85269F23ECC6E500F8BA39 /* CVBasicLogger.swift */,
				1E8526AF23EF70A600F8BA39 /* CVErrors.swift */,
				1E8526A923EEB80200F8BA39 /* CVTemplateVarConfig.swift */,
				1E8526AB23EF6BB300F8BA39 /* CVTemplateParser.swift */,
				1E8526C423F04D4700F8BA39 /* CVSource.swift */,
				1E8526AD23EF6D2700F8BA39 /* CVSource+Section.swift */,
				1E8526D123F5F19800F8BA39 /* parsers */,
				1EA1814823F83F3900323C1B /* CVExcelWorksheet.swift */,
				1EA1814B23F846E500323C1B /* Collection+CVSource.swift */,
				1EBADCC6240C61D2004AA68B /* TechnologiesOrderer.swift */,
				1E95A4D624151608004E3E03 /* TechnologiesUtils.swift */,
				1E95A4DC241EDF75004E3E03 /* CVLatexPdf.swift */,
				1E2FE0A2244E4A6B001A0265 /* CVDataNormalizer.swift */,
			);
			name = CVGenerator;
			path = Sources/CVGenerator;
			sourceTree = SOURCE_ROOT;
		};
		OBJ_94 /* Products */ = {
			isa = PBXGroup;
			children = (
				"CVGenerator::CVGeneratorTests::Product" /* CVGeneratorTests.xctest */,
				"CVGenerator::CVGenerator::Product" /* CVGenerator */,
				"XMLCoder::XMLCoder::Product" /* XMLCoder.framework */,
				"ZIPFoundation::ZIPFoundation::Product" /* ZIPFoundation.framework */,
				"CoreXLSX::CoreXLSX::Product" /* CoreXLSX.framework */,
			);
			name = Products;
			sourceTree = BUILT_PRODUCTS_DIR;
		};
/* End PBXGroup section */

/* Begin PBXNativeTarget section */
		"CVGenerator::CVGenerator" /* CVGenerator */ = {
			isa = PBXNativeTarget;
			buildConfigurationList = OBJ_101 /* Build configuration list for PBXNativeTarget "CVGenerator" */;
			buildPhases = (
				OBJ_104 /* Sources */,
				OBJ_106 /* Frameworks */,
			);
			buildRules = (
			);
			dependencies = (
			);
			name = CVGenerator;
			packageProductDependencies = (
				1E8352682561E7D100F9F45D /* CoreXLSX */,
			);
			productName = CVGenerator;
			productReference = "CVGenerator::CVGenerator::Product" /* CVGenerator */;
			productType = "com.apple.product-type.tool";
		};
		"CVGenerator::CVGeneratorTests" /* CVGeneratorTests */ = {
			isa = PBXNativeTarget;
			buildConfigurationList = OBJ_128 /* Build configuration list for PBXNativeTarget "CVGeneratorTests" */;
			buildPhases = (
				OBJ_131 /* Sources */,
				OBJ_134 /* Frameworks */,
			);
			buildRules = (
			);
			dependencies = (
				OBJ_138 /* PBXTargetDependency */,
				OBJ_139 /* PBXTargetDependency */,
				OBJ_140 /* PBXTargetDependency */,
				OBJ_141 /* PBXTargetDependency */,
			);
			name = CVGeneratorTests;
			productName = CVGeneratorTests;
			productReference = "CVGenerator::CVGeneratorTests::Product" /* CVGeneratorTests.xctest */;
			productType = "com.apple.product-type.bundle.unit-test";
		};
		"CVGenerator::SwiftPMPackageDescription" /* CVGeneratorPackageDescription */ = {
			isa = PBXNativeTarget;
			buildConfigurationList = OBJ_117 /* Build configuration list for PBXNativeTarget "CVGeneratorPackageDescription" */;
			buildPhases = (
				OBJ_120 /* Sources */,
			);
			buildRules = (
			);
			dependencies = (
			);
			name = CVGeneratorPackageDescription;
			productName = CVGeneratorPackageDescription;
			productType = "com.apple.product-type.framework";
		};
		"CoreXLSX::CoreXLSX" /* CoreXLSX */ = {
			isa = PBXNativeTarget;
			buildConfigurationList = OBJ_142 /* Build configuration list for PBXNativeTarget "CoreXLSX" */;
			buildPhases = (
				OBJ_145 /* Sources */,
				OBJ_158 /* Frameworks */,
			);
			buildRules = (
			);
			dependencies = (
			);
			name = CoreXLSX;
			packageProductDependencies = (
			);
			productName = CoreXLSX;
			productReference = "CoreXLSX::CoreXLSX::Product" /* CoreXLSX.framework */;
			productType = "com.apple.product-type.framework";
		};
		"CoreXLSX::SwiftPMPackageDescription" /* CoreXLSXPackageDescription */ = {
			isa = PBXNativeTarget;
			buildConfigurationList = OBJ_164 /* Build configuration list for PBXNativeTarget "CoreXLSXPackageDescription" */;
			buildPhases = (
				OBJ_167 /* Sources */,
			);
			buildRules = (
			);
			dependencies = (
			);
			name = CoreXLSXPackageDescription;
			productName = CoreXLSXPackageDescription;
			productType = "com.apple.product-type.framework";
		};
		"XMLCoder::SwiftPMPackageDescription" /* XMLCoderPackageDescription */ = {
			isa = PBXNativeTarget;
			buildConfigurationList = OBJ_221 /* Build configuration list for PBXNativeTarget "XMLCoderPackageDescription" */;
			buildPhases = (
				OBJ_224 /* Sources */,
			);
			buildRules = (
			);
			dependencies = (
			);
			name = XMLCoderPackageDescription;
			productName = XMLCoderPackageDescription;
			productType = "com.apple.product-type.framework";
		};
		"XMLCoder::XMLCoder" /* XMLCoder */ = {
			isa = PBXNativeTarget;
			buildConfigurationList = OBJ_169 /* Build configuration list for PBXNativeTarget "XMLCoder" */;
			buildPhases = (
				OBJ_172 /* Sources */,
				OBJ_219 /* Frameworks */,
			);
			buildRules = (
			);
			dependencies = (
			);
			name = XMLCoder;
			productName = XMLCoder;
			productReference = "XMLCoder::XMLCoder::Product" /* XMLCoder.framework */;
			productType = "com.apple.product-type.framework";
		};
		"ZIPFoundation::SwiftPMPackageDescription" /* ZIPFoundationPackageDescription */ = {
			isa = PBXNativeTarget;
			buildConfigurationList = OBJ_239 /* Build configuration list for PBXNativeTarget "ZIPFoundationPackageDescription" */;
			buildPhases = (
				OBJ_242 /* Sources */,
			);
			buildRules = (
			);
			dependencies = (
			);
			name = ZIPFoundationPackageDescription;
			productName = ZIPFoundationPackageDescription;
			productType = "com.apple.product-type.framework";
		};
		"ZIPFoundation::ZIPFoundation" /* ZIPFoundation */ = {
			isa = PBXNativeTarget;
			buildConfigurationList = OBJ_226 /* Build configuration list for PBXNativeTarget "ZIPFoundation" */;
			buildPhases = (
				OBJ_229 /* Sources */,
				OBJ_237 /* Frameworks */,
			);
			buildRules = (
			);
			dependencies = (
			);
			name = ZIPFoundation;
			productName = ZIPFoundation;
			productReference = "ZIPFoundation::ZIPFoundation::Product" /* ZIPFoundation.framework */;
			productType = "com.apple.product-type.framework";
		};
/* End PBXNativeTarget section */

/* Begin PBXProject section */
		OBJ_1 /* Project object */ = {
			isa = PBXProject;
			attributes = {
				LastSwiftMigration = 9999;
				LastUpgradeCheck = 9999;
			};
			buildConfigurationList = OBJ_2 /* Build configuration list for PBXProject "CVGenerator" */;
			compatibilityVersion = "Xcode 3.2";
			developmentRegion = en;
			hasScannedForEncodings = 0;
			knownRegions = (
				en,
			);
			mainGroup = OBJ_5;
			packageReferences = (
				1E8352672561E7D100F9F45D /* XCRemoteSwiftPackageReference "CoreXLSX" */,
			);
			productRefGroup = OBJ_94 /* Products */;
			projectDirPath = "";
			projectRoot = "";
			targets = (
				"CVGenerator::CVGenerator" /* CVGenerator */,
				"CVGenerator::SwiftPMPackageDescription" /* CVGeneratorPackageDescription */,
				"CVGenerator::CVGeneratorPackageTests::ProductTarget" /* CVGeneratorPackageTests */,
				"CVGenerator::CVGeneratorTests" /* CVGeneratorTests */,
				"CoreXLSX::CoreXLSX" /* CoreXLSX */,
				"CoreXLSX::SwiftPMPackageDescription" /* CoreXLSXPackageDescription */,
				"XMLCoder::XMLCoder" /* XMLCoder */,
				"XMLCoder::SwiftPMPackageDescription" /* XMLCoderPackageDescription */,
				"ZIPFoundation::ZIPFoundation" /* ZIPFoundation */,
				"ZIPFoundation::SwiftPMPackageDescription" /* ZIPFoundationPackageDescription */,
			);
		};
/* End PBXProject section */

/* Begin PBXSourcesBuildPhase section */
		OBJ_104 /* Sources */ = {
			isa = PBXSourcesBuildPhase;
			buildActionMask = 0;
			files = (
				1E8526C523F04D4700F8BA39 /* CVSource.swift in Sources */,
				1E8526A823ECD95000F8BA39 /* main.swift in Sources */,
				1E8526D323F5F1B300F8BA39 /* CVVariablesAndStrengthsParser.swift in Sources */,
				1EA1814923F83F3900323C1B /* CVExcelWorksheet.swift in Sources */,
				1E8526AA23EEB80200F8BA39 /* CVTemplateVarConfig.swift in Sources */,
				1EA1814C23F846E500323C1B /* Collection+CVSource.swift in Sources */,
				1E95A4D724151608004E3E03 /* TechnologiesUtils.swift in Sources */,
				1E8526AC23EF6BB300F8BA39 /* CVTemplateParser.swift in Sources */,
				1E95A4DD241EDF75004E3E03 /* CVLatexPdf.swift in Sources */,
				1E8526A023ECC6E500F8BA39 /* CVBasicLogger.swift in Sources */,
				1E8526AE23EF6D2700F8BA39 /* CVSource+Section.swift in Sources */,
				1E8526A623ECD8F300F8BA39 /* String+CVMain.swift in Sources */,
				OBJ_105 /* CVCli.swift in Sources */,
				1EBADCC7240C61D2004AA68B /* TechnologiesOrderer.swift in Sources */,
				1EE86F4D23F9C64800AFA8E3 /* CVLanguageParser.swift in Sources */,
				1E2FE0A3244E4A6B001A0265 /* CVDataNormalizer.swift in Sources */,
				1EA1814F23F9922D00323C1B /* CVCerticateParser.swift in Sources */,
				1E8526B023EF70A600F8BA39 /* CVErrors.swift in Sources */,
				1EE86F5023FDD78200AFA8E3 /* CVExperienceAndTechnologiesParser.swift in Sources */,
			);
			runOnlyForDeploymentPostprocessing = 0;
		};
		OBJ_120 /* Sources */ = {
			isa = PBXSourcesBuildPhase;
			buildActionMask = 0;
			files = (
			);
			runOnlyForDeploymentPostprocessing = 0;
		};
		OBJ_131 /* Sources */ = {
			isa = PBXSourcesBuildPhase;
			buildActionMask = 0;
			files = (
				1E8526B923F02AE900F8BA39 /* CVTemplateParser.swift in Sources */,
				1E8526CA23F4AE9200F8BA39 /* CVSourceSectionItemTests.swift in Sources */,
				OBJ_132 /* CVGeneratorTests.swift in Sources */,
				1E95A4DB24184A43004E3E03 /* TechnologiesUtilsTests.swift in Sources */,
				1E2FE0A4244E4A6B001A0265 /* CVDataNormalizer.swift in Sources */,
				1EBADCC8240C61D2004AA68B /* TechnologiesOrderer.swift in Sources */,
				1EE86F5123FDD78200AFA8E3 /* CVExperienceAndTechnologiesParser.swift in Sources */,
				1EE86F4E23F9C64800AFA8E3 /* CVLanguageParser.swift in Sources */,
				1E8526C623F04D4700F8BA39 /* CVSource.swift in Sources */,
				1E8526B723F02AE900F8BA39 /* CVBasicLogger.swift in Sources */,
				1EA1814D23F846E500323C1B /* Collection+CVSource.swift in Sources */,
				1EA1815023F9922D00323C1B /* CVCerticateParser.swift in Sources */,
				1EA1814A23F83F3900323C1B /* CVExcelWorksheet.swift in Sources */,
				1E8526BB23F02AE900F8BA39 /* CVErrors.swift in Sources */,
				1E8526B423F029F100F8BA39 /* TemplateParserTests.swift in Sources */,
				1E8526B623F02AE900F8BA39 /* CVCli.swift in Sources */,
				1E8526B523F02AE400F8BA39 /* String+CVMain.swift in Sources */,
				OBJ_133 /* XCTestManifests.swift in Sources */,
				1E8526BA23F02AE900F8BA39 /* CVSource+Section.swift in Sources */,
				1E8526D423F5F1B300F8BA39 /* CVVariablesAndStrengthsParser.swift in Sources */,
				1E8526B823F02AE900F8BA39 /* CVTemplateVarConfig.swift in Sources */,
				1E95A4DE241EDF75004E3E03 /* CVLatexPdf.swift in Sources */,
				1EA1814623F72D8900323C1B /* CVSourceTests.swift in Sources */,
				1EBADCCB240C717B004AA68B /* ExperiencesPeriodsTests.swift in Sources */,
				1E95A4D824151609004E3E03 /* TechnologiesUtils.swift in Sources */,
			);
			runOnlyForDeploymentPostprocessing = 0;
		};
		OBJ_145 /* Sources */ = {
			isa = PBXSourcesBuildPhase;
			buildActionMask = 0;
			files = (
			);
			runOnlyForDeploymentPostprocessing = 0;
		};
		OBJ_167 /* Sources */ = {
			isa = PBXSourcesBuildPhase;
			buildActionMask = 0;
			files = (
			);
			runOnlyForDeploymentPostprocessing = 0;
		};
		OBJ_172 /* Sources */ = {
			isa = PBXSourcesBuildPhase;
			buildActionMask = 0;
			files = (
			);
			runOnlyForDeploymentPostprocessing = 0;
		};
		OBJ_224 /* Sources */ = {
			isa = PBXSourcesBuildPhase;
			buildActionMask = 0;
			files = (
			);
			runOnlyForDeploymentPostprocessing = 0;
		};
		OBJ_229 /* Sources */ = {
			isa = PBXSourcesBuildPhase;
			buildActionMask = 0;
			files = (
			);
			runOnlyForDeploymentPostprocessing = 0;
		};
		OBJ_242 /* Sources */ = {
			isa = PBXSourcesBuildPhase;
			buildActionMask = 0;
			files = (
			);
			runOnlyForDeploymentPostprocessing = 0;
		};
/* End PBXSourcesBuildPhase section */

/* Begin PBXTargetDependency section */
		OBJ_126 /* PBXTargetDependency */ = {
			isa = PBXTargetDependency;
			target = "CVGenerator::CVGeneratorTests" /* CVGeneratorTests */;
			targetProxy = 1E85269E23ECC64B00F8BA39 /* PBXContainerItemProxy */;
		};
		OBJ_138 /* PBXTargetDependency */ = {
			isa = PBXTargetDependency;
			target = "CVGenerator::CVGenerator" /* CVGenerator */;
			targetProxy = 1E85269A23ECC64A00F8BA39 /* PBXContainerItemProxy */;
		};
		OBJ_139 /* PBXTargetDependency */ = {
			isa = PBXTargetDependency;
			target = "CoreXLSX::CoreXLSX" /* CoreXLSX */;
			targetProxy = 1E85269B23ECC64A00F8BA39 /* PBXContainerItemProxy */;
		};
		OBJ_140 /* PBXTargetDependency */ = {
			isa = PBXTargetDependency;
			target = "ZIPFoundation::ZIPFoundation" /* ZIPFoundation */;
			targetProxy = 1E85269C23ECC64A00F8BA39 /* PBXContainerItemProxy */;
		};
		OBJ_141 /* PBXTargetDependency */ = {
			isa = PBXTargetDependency;
			target = "XMLCoder::XMLCoder" /* XMLCoder */;
			targetProxy = 1E85269D23ECC64A00F8BA39 /* PBXContainerItemProxy */;
		};
/* End PBXTargetDependency section */

/* Begin XCBuildConfiguration section */
		OBJ_102 /* Debug */ = {
			isa = XCBuildConfiguration;
			buildSettings = {
				FRAMEWORK_SEARCH_PATHS = (
					"$(inherited)",
					"$(PLATFORM_DIR)/Developer/Library/Frameworks",
				);
				HEADER_SEARCH_PATHS = "$(inherited)";
				INFOPLIST_FILE = CVGenerator.xcodeproj/CVGenerator_Info.plist;
				IPHONEOS_DEPLOYMENT_TARGET = 8.0;
				LD_RUNPATH_SEARCH_PATHS = (
					"$(inherited)",
					"$(TOOLCHAIN_DIR)/usr/lib/swift/macosx",
					"@executable_path",
				);
				MACOSX_DEPLOYMENT_TARGET = 10.11;
				OTHER_CFLAGS = "$(inherited)";
				OTHER_LDFLAGS = "$(inherited)";
				OTHER_SWIFT_FLAGS = "$(inherited)";
				SWIFT_ACTIVE_COMPILATION_CONDITIONS = "$(inherited)";
				SWIFT_FORCE_DYNAMIC_LINK_STDLIB = YES;
				SWIFT_FORCE_STATIC_LINK_STDLIB = NO;
				SWIFT_VERSION = 5.0;
				TARGET_NAME = CVGenerator;
				TVOS_DEPLOYMENT_TARGET = 9.0;
				WATCHOS_DEPLOYMENT_TARGET = 2.0;
			};
			name = Debug;
		};
		OBJ_103 /* Release */ = {
			isa = XCBuildConfiguration;
			buildSettings = {
				FRAMEWORK_SEARCH_PATHS = (
					"$(inherited)",
					"$(PLATFORM_DIR)/Developer/Library/Frameworks",
				);
				HEADER_SEARCH_PATHS = "$(inherited)";
				INFOPLIST_FILE = CVGenerator.xcodeproj/CVGenerator_Info.plist;
				IPHONEOS_DEPLOYMENT_TARGET = 8.0;
				LD_RUNPATH_SEARCH_PATHS = (
					"$(inherited)",
					"$(TOOLCHAIN_DIR)/usr/lib/swift/macosx",
					"@executable_path",
				);
				MACOSX_DEPLOYMENT_TARGET = 10.11;
				OTHER_CFLAGS = "$(inherited)";
				OTHER_LDFLAGS = "$(inherited)";
				OTHER_SWIFT_FLAGS = "$(inherited)";
				SWIFT_ACTIVE_COMPILATION_CONDITIONS = "$(inherited)";
				SWIFT_FORCE_DYNAMIC_LINK_STDLIB = YES;
				SWIFT_FORCE_STATIC_LINK_STDLIB = NO;
				SWIFT_VERSION = 5.0;
				TARGET_NAME = CVGenerator;
				TVOS_DEPLOYMENT_TARGET = 9.0;
				WATCHOS_DEPLOYMENT_TARGET = 2.0;
			};
			name = Release;
		};
		OBJ_118 /* Debug */ = {
			isa = XCBuildConfiguration;
			buildSettings = {
				LD = /usr/bin/true;
				OTHER_SWIFT_FLAGS = "-swift-version 5 -I $(TOOLCHAIN_DIR)/usr/lib/swift/pm/4_2 -target x86_64-apple-macosx10.10 -sdk /Applications/Xcode.app/Contents/Developer/Platforms/MacOSX.platform/Developer/SDKs/MacOSX10.15.sdk -package-description-version 5.1";
				SWIFT_VERSION = 5.0;
			};
			name = Debug;
		};
		OBJ_119 /* Release */ = {
			isa = XCBuildConfiguration;
			buildSettings = {
				LD = /usr/bin/true;
				OTHER_SWIFT_FLAGS = "-swift-version 5 -I $(TOOLCHAIN_DIR)/usr/lib/swift/pm/4_2 -target x86_64-apple-macosx10.10 -sdk /Applications/Xcode.app/Contents/Developer/Platforms/MacOSX.platform/Developer/SDKs/MacOSX10.15.sdk -package-description-version 5.1";
				SWIFT_VERSION = 5.0;
			};
			name = Release;
		};
		OBJ_124 /* Debug */ = {
			isa = XCBuildConfiguration;
			buildSettings = {
			};
			name = Debug;
		};
		OBJ_125 /* Release */ = {
			isa = XCBuildConfiguration;
			buildSettings = {
			};
			name = Release;
		};
		OBJ_129 /* Debug */ = {
			isa = XCBuildConfiguration;
			buildSettings = {
				CLANG_ENABLE_MODULES = YES;
				EMBEDDED_CONTENT_CONTAINS_SWIFT = YES;
				FRAMEWORK_SEARCH_PATHS = (
					"$(inherited)",
					"$(PLATFORM_DIR)/Developer/Library/Frameworks",
				);
				HEADER_SEARCH_PATHS = "$(inherited)";
				INFOPLIST_FILE = CVGenerator.xcodeproj/CVGeneratorTests_Info.plist;
				IPHONEOS_DEPLOYMENT_TARGET = 8.0;
				LD_RUNPATH_SEARCH_PATHS = (
					"$(inherited)",
					"@loader_path/../Frameworks",
					"@loader_path/Frameworks",
				);
				MACOSX_DEPLOYMENT_TARGET = 10.11;
				OTHER_CFLAGS = "$(inherited)";
				OTHER_LDFLAGS = "$(inherited)";
				OTHER_SWIFT_FLAGS = "$(inherited)";
				SWIFT_ACTIVE_COMPILATION_CONDITIONS = "$(inherited)";
				SWIFT_VERSION = 5.0;
				TARGET_NAME = CVGeneratorTests;
				TVOS_DEPLOYMENT_TARGET = 9.0;
				WATCHOS_DEPLOYMENT_TARGET = 2.0;
			};
			name = Debug;
		};
		OBJ_130 /* Release */ = {
			isa = XCBuildConfiguration;
			buildSettings = {
				CLANG_ENABLE_MODULES = YES;
				EMBEDDED_CONTENT_CONTAINS_SWIFT = YES;
				FRAMEWORK_SEARCH_PATHS = (
					"$(inherited)",
					"$(PLATFORM_DIR)/Developer/Library/Frameworks",
				);
				HEADER_SEARCH_PATHS = "$(inherited)";
				INFOPLIST_FILE = CVGenerator.xcodeproj/CVGeneratorTests_Info.plist;
				IPHONEOS_DEPLOYMENT_TARGET = 8.0;
				LD_RUNPATH_SEARCH_PATHS = (
					"$(inherited)",
					"@loader_path/../Frameworks",
					"@loader_path/Frameworks",
				);
				MACOSX_DEPLOYMENT_TARGET = 10.11;
				OTHER_CFLAGS = "$(inherited)";
				OTHER_LDFLAGS = "$(inherited)";
				OTHER_SWIFT_FLAGS = "$(inherited)";
				SWIFT_ACTIVE_COMPILATION_CONDITIONS = "$(inherited)";
				SWIFT_VERSION = 5.0;
				TARGET_NAME = CVGeneratorTests;
				TVOS_DEPLOYMENT_TARGET = 9.0;
				WATCHOS_DEPLOYMENT_TARGET = 2.0;
			};
			name = Release;
		};
		OBJ_143 /* Debug */ = {
			isa = XCBuildConfiguration;
			buildSettings = {
				ENABLE_TESTABILITY = YES;
				FRAMEWORK_SEARCH_PATHS = (
					"$(inherited)",
					"$(PLATFORM_DIR)/Developer/Library/Frameworks",
				);
				HEADER_SEARCH_PATHS = "$(inherited)";
				INFOPLIST_FILE = CVGenerator.xcodeproj/CoreXLSX_Info.plist;
				IPHONEOS_DEPLOYMENT_TARGET = 9.0;
				LD_RUNPATH_SEARCH_PATHS = (
					"$(inherited)",
					"$(TOOLCHAIN_DIR)/usr/lib/swift/macosx",
				);
				MACOSX_DEPLOYMENT_TARGET = 10.11;
				OTHER_CFLAGS = "$(inherited)";
				OTHER_LDFLAGS = "$(inherited)";
				OTHER_SWIFT_FLAGS = "$(inherited)";
				PRODUCT_BUNDLE_IDENTIFIER = CoreXLSX;
				PRODUCT_MODULE_NAME = "$(TARGET_NAME:c99extidentifier)";
				PRODUCT_NAME = "$(TARGET_NAME:c99extidentifier)";
				SKIP_INSTALL = YES;
				SWIFT_ACTIVE_COMPILATION_CONDITIONS = "$(inherited)";
				SWIFT_VERSION = 5.0;
				TARGET_NAME = CoreXLSX;
				TVOS_DEPLOYMENT_TARGET = 9.0;
				WATCHOS_DEPLOYMENT_TARGET = 2.0;
			};
			name = Debug;
		};
		OBJ_144 /* Release */ = {
			isa = XCBuildConfiguration;
			buildSettings = {
				ENABLE_TESTABILITY = YES;
				FRAMEWORK_SEARCH_PATHS = (
					"$(inherited)",
					"$(PLATFORM_DIR)/Developer/Library/Frameworks",
				);
				HEADER_SEARCH_PATHS = "$(inherited)";
				INFOPLIST_FILE = CVGenerator.xcodeproj/CoreXLSX_Info.plist;
				IPHONEOS_DEPLOYMENT_TARGET = 9.0;
				LD_RUNPATH_SEARCH_PATHS = (
					"$(inherited)",
					"$(TOOLCHAIN_DIR)/usr/lib/swift/macosx",
				);
				MACOSX_DEPLOYMENT_TARGET = 10.11;
				OTHER_CFLAGS = "$(inherited)";
				OTHER_LDFLAGS = "$(inherited)";
				OTHER_SWIFT_FLAGS = "$(inherited)";
				PRODUCT_BUNDLE_IDENTIFIER = CoreXLSX;
				PRODUCT_MODULE_NAME = "$(TARGET_NAME:c99extidentifier)";
				PRODUCT_NAME = "$(TARGET_NAME:c99extidentifier)";
				SKIP_INSTALL = YES;
				SWIFT_ACTIVE_COMPILATION_CONDITIONS = "$(inherited)";
				SWIFT_VERSION = 5.0;
				TARGET_NAME = CoreXLSX;
				TVOS_DEPLOYMENT_TARGET = 9.0;
				WATCHOS_DEPLOYMENT_TARGET = 2.0;
			};
			name = Release;
		};
		OBJ_165 /* Debug */ = {
			isa = XCBuildConfiguration;
			buildSettings = {
				LD = /usr/bin/true;
				OTHER_SWIFT_FLAGS = "-swift-version 5 -I $(TOOLCHAIN_DIR)/usr/lib/swift/pm/4_2 -target x86_64-apple-macosx10.10 -sdk /Applications/Xcode.app/Contents/Developer/Platforms/MacOSX.platform/Developer/SDKs/MacOSX10.15.sdk -package-description-version 5";
				SWIFT_VERSION = 5.0;
			};
			name = Debug;
		};
		OBJ_166 /* Release */ = {
			isa = XCBuildConfiguration;
			buildSettings = {
				LD = /usr/bin/true;
				OTHER_SWIFT_FLAGS = "-swift-version 5 -I $(TOOLCHAIN_DIR)/usr/lib/swift/pm/4_2 -target x86_64-apple-macosx10.10 -sdk /Applications/Xcode.app/Contents/Developer/Platforms/MacOSX.platform/Developer/SDKs/MacOSX10.15.sdk -package-description-version 5";
				SWIFT_VERSION = 5.0;
			};
			name = Release;
		};
		OBJ_170 /* Debug */ = {
			isa = XCBuildConfiguration;
			buildSettings = {
				ENABLE_TESTABILITY = YES;
				FRAMEWORK_SEARCH_PATHS = (
					"$(inherited)",
					"$(PLATFORM_DIR)/Developer/Library/Frameworks",
				);
				HEADER_SEARCH_PATHS = "$(inherited)";
				INFOPLIST_FILE = CVGenerator.xcodeproj/XMLCoder_Info.plist;
				IPHONEOS_DEPLOYMENT_TARGET = 8.0;
				LD_RUNPATH_SEARCH_PATHS = (
					"$(inherited)",
					"$(TOOLCHAIN_DIR)/usr/lib/swift/macosx",
				);
				MACOSX_DEPLOYMENT_TARGET = 10.10;
				OTHER_CFLAGS = "$(inherited)";
				OTHER_LDFLAGS = "$(inherited)";
				OTHER_SWIFT_FLAGS = "$(inherited)";
				PRODUCT_BUNDLE_IDENTIFIER = XMLCoder;
				PRODUCT_MODULE_NAME = "$(TARGET_NAME:c99extidentifier)";
				PRODUCT_NAME = "$(TARGET_NAME:c99extidentifier)";
				SKIP_INSTALL = YES;
				SWIFT_ACTIVE_COMPILATION_CONDITIONS = "$(inherited)";
				SWIFT_VERSION = 5.0;
				TARGET_NAME = XMLCoder;
				TVOS_DEPLOYMENT_TARGET = 9.0;
				WATCHOS_DEPLOYMENT_TARGET = 2.0;
			};
			name = Debug;
		};
		OBJ_171 /* Release */ = {
			isa = XCBuildConfiguration;
			buildSettings = {
				ENABLE_TESTABILITY = YES;
				FRAMEWORK_SEARCH_PATHS = (
					"$(inherited)",
					"$(PLATFORM_DIR)/Developer/Library/Frameworks",
				);
				HEADER_SEARCH_PATHS = "$(inherited)";
				INFOPLIST_FILE = CVGenerator.xcodeproj/XMLCoder_Info.plist;
				IPHONEOS_DEPLOYMENT_TARGET = 8.0;
				LD_RUNPATH_SEARCH_PATHS = (
					"$(inherited)",
					"$(TOOLCHAIN_DIR)/usr/lib/swift/macosx",
				);
				MACOSX_DEPLOYMENT_TARGET = 10.10;
				OTHER_CFLAGS = "$(inherited)";
				OTHER_LDFLAGS = "$(inherited)";
				OTHER_SWIFT_FLAGS = "$(inherited)";
				PRODUCT_BUNDLE_IDENTIFIER = XMLCoder;
				PRODUCT_MODULE_NAME = "$(TARGET_NAME:c99extidentifier)";
				PRODUCT_NAME = "$(TARGET_NAME:c99extidentifier)";
				SKIP_INSTALL = YES;
				SWIFT_ACTIVE_COMPILATION_CONDITIONS = "$(inherited)";
				SWIFT_VERSION = 5.0;
				TARGET_NAME = XMLCoder;
				TVOS_DEPLOYMENT_TARGET = 9.0;
				WATCHOS_DEPLOYMENT_TARGET = 2.0;
			};
			name = Release;
		};
		OBJ_222 /* Debug */ = {
			isa = XCBuildConfiguration;
			buildSettings = {
				LD = /usr/bin/true;
				OTHER_SWIFT_FLAGS = "-swift-version 5 -I $(TOOLCHAIN_DIR)/usr/lib/swift/pm/4_2 -target x86_64-apple-macosx10.10 -sdk /Applications/Xcode.app/Contents/Developer/Platforms/MacOSX.platform/Developer/SDKs/MacOSX10.15.sdk -package-description-version 5";
				SWIFT_VERSION = 5.0;
			};
			name = Debug;
		};
		OBJ_223 /* Release */ = {
			isa = XCBuildConfiguration;
			buildSettings = {
				LD = /usr/bin/true;
				OTHER_SWIFT_FLAGS = "-swift-version 5 -I $(TOOLCHAIN_DIR)/usr/lib/swift/pm/4_2 -target x86_64-apple-macosx10.10 -sdk /Applications/Xcode.app/Contents/Developer/Platforms/MacOSX.platform/Developer/SDKs/MacOSX10.15.sdk -package-description-version 5";
				SWIFT_VERSION = 5.0;
			};
			name = Release;
		};
		OBJ_227 /* Debug */ = {
			isa = XCBuildConfiguration;
			buildSettings = {
				ENABLE_TESTABILITY = YES;
				FRAMEWORK_SEARCH_PATHS = (
					"$(inherited)",
					"$(PLATFORM_DIR)/Developer/Library/Frameworks",
				);
				HEADER_SEARCH_PATHS = "$(inherited)";
				INFOPLIST_FILE = CVGenerator.xcodeproj/ZIPFoundation_Info.plist;
				IPHONEOS_DEPLOYMENT_TARGET = 9.0;
				LD_RUNPATH_SEARCH_PATHS = (
					"$(inherited)",
					"$(TOOLCHAIN_DIR)/usr/lib/swift/macosx",
				);
				MACOSX_DEPLOYMENT_TARGET = 10.11;
				OTHER_CFLAGS = "$(inherited)";
				OTHER_LDFLAGS = "$(inherited)";
				OTHER_SWIFT_FLAGS = "$(inherited)";
				PRODUCT_BUNDLE_IDENTIFIER = ZIPFoundation;
				PRODUCT_MODULE_NAME = "$(TARGET_NAME:c99extidentifier)";
				PRODUCT_NAME = "$(TARGET_NAME:c99extidentifier)";
				SKIP_INSTALL = YES;
				SWIFT_ACTIVE_COMPILATION_CONDITIONS = "$(inherited)";
				SWIFT_VERSION = 5.0;
				TARGET_NAME = ZIPFoundation;
				TVOS_DEPLOYMENT_TARGET = 9.0;
				WATCHOS_DEPLOYMENT_TARGET = 2.0;
			};
			name = Debug;
		};
		OBJ_228 /* Release */ = {
			isa = XCBuildConfiguration;
			buildSettings = {
				ENABLE_TESTABILITY = YES;
				FRAMEWORK_SEARCH_PATHS = (
					"$(inherited)",
					"$(PLATFORM_DIR)/Developer/Library/Frameworks",
				);
				HEADER_SEARCH_PATHS = "$(inherited)";
				INFOPLIST_FILE = CVGenerator.xcodeproj/ZIPFoundation_Info.plist;
				IPHONEOS_DEPLOYMENT_TARGET = 9.0;
				LD_RUNPATH_SEARCH_PATHS = (
					"$(inherited)",
					"$(TOOLCHAIN_DIR)/usr/lib/swift/macosx",
				);
				MACOSX_DEPLOYMENT_TARGET = 10.11;
				OTHER_CFLAGS = "$(inherited)";
				OTHER_LDFLAGS = "$(inherited)";
				OTHER_SWIFT_FLAGS = "$(inherited)";
				PRODUCT_BUNDLE_IDENTIFIER = ZIPFoundation;
				PRODUCT_MODULE_NAME = "$(TARGET_NAME:c99extidentifier)";
				PRODUCT_NAME = "$(TARGET_NAME:c99extidentifier)";
				SKIP_INSTALL = YES;
				SWIFT_ACTIVE_COMPILATION_CONDITIONS = "$(inherited)";
				SWIFT_VERSION = 5.0;
				TARGET_NAME = ZIPFoundation;
				TVOS_DEPLOYMENT_TARGET = 9.0;
				WATCHOS_DEPLOYMENT_TARGET = 2.0;
			};
			name = Release;
		};
		OBJ_240 /* Debug */ = {
			isa = XCBuildConfiguration;
			buildSettings = {
				LD = /usr/bin/true;
				OTHER_SWIFT_FLAGS = "-swift-version 5 -I $(TOOLCHAIN_DIR)/usr/lib/swift/pm/4_2 -target x86_64-apple-macosx10.10 -sdk /Applications/Xcode.app/Contents/Developer/Platforms/MacOSX.platform/Developer/SDKs/MacOSX10.15.sdk -package-description-version 5";
				SWIFT_VERSION = 5.0;
			};
			name = Debug;
		};
		OBJ_241 /* Release */ = {
			isa = XCBuildConfiguration;
			buildSettings = {
				LD = /usr/bin/true;
				OTHER_SWIFT_FLAGS = "-swift-version 5 -I $(TOOLCHAIN_DIR)/usr/lib/swift/pm/4_2 -target x86_64-apple-macosx10.10 -sdk /Applications/Xcode.app/Contents/Developer/Platforms/MacOSX.platform/Developer/SDKs/MacOSX10.15.sdk -package-description-version 5";
				SWIFT_VERSION = 5.0;
			};
			name = Release;
		};
		OBJ_3 /* Debug */ = {
			isa = XCBuildConfiguration;
			buildSettings = {
				CLANG_ENABLE_OBJC_ARC = YES;
				COMBINE_HIDPI_IMAGES = YES;
				COPY_PHASE_STRIP = NO;
				DEBUG_INFORMATION_FORMAT = dwarf;
				DYLIB_INSTALL_NAME_BASE = "@rpath";
				ENABLE_NS_ASSERTIONS = YES;
				GCC_OPTIMIZATION_LEVEL = 0;
				GCC_PREPROCESSOR_DEFINITIONS = (
					"$(inherited)",
					"SWIFT_PACKAGE=1",
					"DEBUG=1",
				);
				MACOSX_DEPLOYMENT_TARGET = 10.10;
				ONLY_ACTIVE_ARCH = YES;
				OTHER_SWIFT_FLAGS = "$(inherited) -DXcode";
				PRODUCT_NAME = "$(TARGET_NAME)";
				SDKROOT = macosx;
				SUPPORTED_PLATFORMS = "macosx iphoneos iphonesimulator appletvos appletvsimulator watchos watchsimulator";
				SWIFT_ACTIVE_COMPILATION_CONDITIONS = "$(inherited) SWIFT_PACKAGE DEBUG";
				SWIFT_OPTIMIZATION_LEVEL = "-Onone";
				USE_HEADERMAP = NO;
			};
			name = Debug;
		};
		OBJ_4 /* Release */ = {
			isa = XCBuildConfiguration;
			buildSettings = {
				CLANG_ENABLE_OBJC_ARC = YES;
				COMBINE_HIDPI_IMAGES = YES;
				COPY_PHASE_STRIP = YES;
				DEBUG_INFORMATION_FORMAT = "dwarf-with-dsym";
				DYLIB_INSTALL_NAME_BASE = "@rpath";
				GCC_OPTIMIZATION_LEVEL = s;
				GCC_PREPROCESSOR_DEFINITIONS = (
					"$(inherited)",
					"SWIFT_PACKAGE=1",
				);
				MACOSX_DEPLOYMENT_TARGET = 10.10;
				OTHER_SWIFT_FLAGS = "$(inherited) -DXcode";
				PRODUCT_NAME = "$(TARGET_NAME)";
				SDKROOT = macosx;
				SUPPORTED_PLATFORMS = "macosx iphoneos iphonesimulator appletvos appletvsimulator watchos watchsimulator";
				SWIFT_ACTIVE_COMPILATION_CONDITIONS = "$(inherited) SWIFT_PACKAGE";
				SWIFT_COMPILATION_MODE = wholemodule;
				SWIFT_OPTIMIZATION_LEVEL = "-O";
				USE_HEADERMAP = NO;
			};
			name = Release;
		};
/* End XCBuildConfiguration section */

/* Begin XCConfigurationList section */
		OBJ_101 /* Build configuration list for PBXNativeTarget "CVGenerator" */ = {
			isa = XCConfigurationList;
			buildConfigurations = (
				OBJ_102 /* Debug */,
				OBJ_103 /* Release */,
			);
			defaultConfigurationIsVisible = 0;
			defaultConfigurationName = Release;
		};
		OBJ_117 /* Build configuration list for PBXNativeTarget "CVGeneratorPackageDescription" */ = {
			isa = XCConfigurationList;
			buildConfigurations = (
				OBJ_118 /* Debug */,
				OBJ_119 /* Release */,
			);
			defaultConfigurationIsVisible = 0;
			defaultConfigurationName = Release;
		};
		OBJ_123 /* Build configuration list for PBXAggregateTarget "CVGeneratorPackageTests" */ = {
			isa = XCConfigurationList;
			buildConfigurations = (
				OBJ_124 /* Debug */,
				OBJ_125 /* Release */,
			);
			defaultConfigurationIsVisible = 0;
			defaultConfigurationName = Release;
		};
		OBJ_128 /* Build configuration list for PBXNativeTarget "CVGeneratorTests" */ = {
			isa = XCConfigurationList;
			buildConfigurations = (
				OBJ_129 /* Debug */,
				OBJ_130 /* Release */,
			);
			defaultConfigurationIsVisible = 0;
			defaultConfigurationName = Release;
		};
		OBJ_142 /* Build configuration list for PBXNativeTarget "CoreXLSX" */ = {
			isa = XCConfigurationList;
			buildConfigurations = (
				OBJ_143 /* Debug */,
				OBJ_144 /* Release */,
			);
			defaultConfigurationIsVisible = 0;
			defaultConfigurationName = Release;
		};
		OBJ_164 /* Build configuration list for PBXNativeTarget "CoreXLSXPackageDescription" */ = {
			isa = XCConfigurationList;
			buildConfigurations = (
				OBJ_165 /* Debug */,
				OBJ_166 /* Release */,
			);
			defaultConfigurationIsVisible = 0;
			defaultConfigurationName = Release;
		};
		OBJ_169 /* Build configuration list for PBXNativeTarget "XMLCoder" */ = {
			isa = XCConfigurationList;
			buildConfigurations = (
				OBJ_170 /* Debug */,
				OBJ_171 /* Release */,
			);
			defaultConfigurationIsVisible = 0;
			defaultConfigurationName = Release;
		};
		OBJ_2 /* Build configuration list for PBXProject "CVGenerator" */ = {
			isa = XCConfigurationList;
			buildConfigurations = (
				OBJ_3 /* Debug */,
				OBJ_4 /* Release */,
			);
			defaultConfigurationIsVisible = 0;
			defaultConfigurationName = Release;
		};
		OBJ_221 /* Build configuration list for PBXNativeTarget "XMLCoderPackageDescription" */ = {
			isa = XCConfigurationList;
			buildConfigurations = (
				OBJ_222 /* Debug */,
				OBJ_223 /* Release */,
			);
			defaultConfigurationIsVisible = 0;
			defaultConfigurationName = Release;
		};
		OBJ_226 /* Build configuration list for PBXNativeTarget "ZIPFoundation" */ = {
			isa = XCConfigurationList;
			buildConfigurations = (
				OBJ_227 /* Debug */,
				OBJ_228 /* Release */,
			);
			defaultConfigurationIsVisible = 0;
			defaultConfigurationName = Release;
		};
		OBJ_239 /* Build configuration list for PBXNativeTarget "ZIPFoundationPackageDescription" */ = {
			isa = XCConfigurationList;
			buildConfigurations = (
				OBJ_240 /* Debug */,
				OBJ_241 /* Release */,
			);
			defaultConfigurationIsVisible = 0;
			defaultConfigurationName = Release;
		};
/* End XCConfigurationList section */

/* Begin XCRemoteSwiftPackageReference section */
		1E8352672561E7D100F9F45D /* XCRemoteSwiftPackageReference "CoreXLSX" */ = {
			isa = XCRemoteSwiftPackageReference;
			repositoryURL = "https://github.com/MaxDesiatov/CoreXLSX.git";
			requirement = {
				kind = upToNextMajorVersion;
				minimumVersion = 0.9.1;
			};
		};
/* End XCRemoteSwiftPackageReference section */

/* Begin XCSwiftPackageProductDependency section */
		1E8352682561E7D100F9F45D /* CoreXLSX */ = {
			isa = XCSwiftPackageProductDependency;
			package = 1E8352672561E7D100F9F45D /* XCRemoteSwiftPackageReference "CoreXLSX" */;
			productName = CoreXLSX;
		};
/* End XCSwiftPackageProductDependency section */
	};
	rootObject = OBJ_1 /* Project object */;
}
